
Microsoft Visual Studio Solution File, Format Version 12.00
# Visual Studio Version 17
VisualStudioVersion = 17.14.36518.9 d17.14
MinimumVisualStudioVersion = 10.0.40219.1
Project("{FAE04EC0-301F-11D3-BF4B-00C04F79EFBC}") = "WinForm", "WinForm\WinForm.csproj", "{3712FEE4-0267-44C2-9F30-C56B376F41EB}"
EndProject
Global
	GlobalSection(SolutionConfigurationPlatforms) = preSolution
		Debug|Any CPU = Debug|Any CPU
		Release|Any CPU = Release|Any CPU
	EndGlobalSection
	GlobalSection(ProjectConfigurationPlatforms) = postSolution
		{3712FEE4-0267-44C2-9F30-C56B376F41EB}.Debug|Any CPU.ActiveCfg = Debug|Any CPU
		{3712FEE4-0267-44C2-9F30-C56B376F41EB}.Debug|Any CPU.Build.0 = Debug|Any CPU
		{3712FEE4-0267-44C2-9F30-C56B376F41EB}.Release|Any CPU.ActiveCfg = Release|Any CPU
		{3712FEE4-0267-44C2-9F30-C56B376F41EB}.Release|Any CPU.Build.0 = Release|Any CPU
	EndGlobalSection
	GlobalSection(SolutionProperties) = preSolution
		HideSolutionNode = FALSE
	EndGlobalSection
	GlobalSection(ExtensibilityGlobals) = postSolution
		SolutionGuid = {CC9E6958-CD7F-447A-8A9A-F41F4BDAC0CC}
	EndGlobalSection
EndGlobal
